{
  "name": "Atividade receita",
  "lockfileVersion": 2,
  "requires": true,
  "packages": {
    "": {
      "dependencies": {
        "@fontsource/josefin-sans": "^4.5.12"
      }
    },
    "node_modules/@fontsource/josefin-sans": {
      "version": "4.5.12",
      "resolved": "https://registry.npmjs.org/@fontsource/josefin-sans/-/josefin-sans-4.5.12.tgz",
      "integrity": "sha512-Wu69wdmSDrKPPloaQmM8E+tTZO7o+OTTKu/Pcs1vpRveblVI69/n2mcViXxzeItXwx/Wm9DFxEEvCH71cSPeeg=="
    }
  },
  "dependencies": {
    "@fontsource/josefin-sans": {
      "version": "4.5.12",
      "resolved": "https://registry.npmjs.org/@fontsource/josefin-sans/-/josefin-sans-4.5.12.tgz",
      "integrity": "sha512-Wu69wdmSDrKPPloaQmM8E+tTZO7o+OTTKu/Pcs1vpRveblVI69/n2mcViXxzeItXwx/Wm9DFxEEvCH71cSPeeg=="
    }
  }
}
